
Microsoft Visual Studio Solution File, Format Version 12.00
# Visual Studio Version 17
VisualStudioVersion = 17.0.32014.148
MinimumVisualStudioVersion = 10.0.40219.1
Project("{8BC9CEB8-8B4A-11D0-8D11-00A0C91BC942}") = "KeygenME", "KeygenME\KeygenME.vcxproj", "{1B64F7C1-8E67-4790-AB61-FFAED32B2CA3}"
EndProject
Global
	GlobalSection(SolutionConfigurationPlatforms) = preSolution
		Debug|x64 = Debug|x64
		Debug|x86 = Debug|x86
		Release|x64 = Release|x64
		Release|x86 = Release|x86
	EndGlobalSection
	GlobalSection(ProjectConfigurationPlatforms) = postSolution
		{1B64F7C1-8E67-4790-AB61-FFAED32B2CA3}.Debug|x64.ActiveCfg = Debug|x64
		{1B64F7C1-8E67-4790-AB61-FFAED32B2CA3}.Debug|x64.Build.0 = Debug|x64
		{1B64F7C1-8E67-4790-AB61-FFAED32B2CA3}.Debug|x86.ActiveCfg = Debug|Win32
		{1B64F7C1-8E67-4790-AB61-FFAED32B2CA3}.Debug|x86.Build.0 = Debug|Win32
		{1B64F7C1-8E67-4790-AB61-FFAED32B2CA3}.Release|x64.ActiveCfg = Release|x64
		{1B64F7C1-8E67-4790-AB61-FFAED32B2CA3}.Release|x64.Build.0 = Release|x64
		{1B64F7C1-8E67-4790-AB61-FFAED32B2CA3}.Release|x86.ActiveCfg = Release|Win32
		{1B64F7C1-8E67-4790-AB61-FFAED32B2CA3}.Release|x86.Build.0 = Release|Win32
	EndGlobalSection
	GlobalSection(SolutionProperties) = preSolution
		HideSolutionNode = FALSE
	EndGlobalSection
	GlobalSection(ExtensibilityGlobals) = postSolution
		SolutionGuid = {D09AF955-FAE6-47B2-B003-83001C6BF6F5}
	EndGlobalSection
EndGlobal
